
Microsoft Visual Studio Solution File, Format Version 12.00
# Visual Studio 15
VisualStudioVersion = 15.0.27703.2042
MinimumVisualStudioVersion = 10.0.40219.1
Project("{FAE04EC0-301F-11D3-BF4B-00C04F79EFBC}") = "SalesWebMvc", "SalesWebMvc\SalesWebMvc.csproj", "{1E9CDA02-47C3-483D-A92E-20C283DA7FA1}"
EndProject
Global
	GlobalSection(SolutionConfigurationPlatforms) = preSolution
		Debug|Any CPU = Debug|Any CPU
		Release|Any CPU = Release|Any CPU
	EndGlobalSection
	GlobalSection(ProjectConfigurationPlatforms) = postSolution
		{1E9CDA02-47C3-483D-A92E-20C283DA7FA1}.Debug|Any CPU.ActiveCfg = Debug|Any CPU
		{1E9CDA02-47C3-483D-A92E-20C283DA7FA1}.Debug|Any CPU.Build.0 = Debug|Any CPU
		{1E9CDA02-47C3-483D-A92E-20C283DA7FA1}.Release|Any CPU.ActiveCfg = Release|Any CPU
		{1E9CDA02-47C3-483D-A92E-20C283DA7FA1}.Release|Any CPU.Build.0 = Release|Any CPU
	EndGlobalSection
	GlobalSection(SolutionProperties) = preSolution
		HideSolutionNode = FALSE
	EndGlobalSection
	GlobalSection(ExtensibilityGlobals) = postSolution
		SolutionGuid = {7857B72F-2931-4C24-9DFC-2111EC5DD4BB}
	EndGlobalSection
EndGlobal
